
Microsoft Visual Studio Solution File, Format Version 12.00
# Visual Studio 15
VisualStudioVersion = 15.0.28307.779
MinimumVisualStudioVersion = 10.0.40219.1
Project("{FAE04EC0-301F-11D3-BF4B-00C04F79EFBC}") = "InheritanceExample", "InheritanceExample\InheritanceExample.csproj", "{B7347B01-56C7-4EAD-88FD-54D74D590543}"
EndProject
Global
	GlobalSection(SolutionConfigurationPlatforms) = preSolution
		Debug|Any CPU = Debug|Any CPU
		Release|Any CPU = Release|Any CPU
	EndGlobalSection
	GlobalSection(ProjectConfigurationPlatforms) = postSolution
		{B7347B01-56C7-4EAD-88FD-54D74D590543}.Debug|Any CPU.ActiveCfg = Debug|Any CPU
		{B7347B01-56C7-4EAD-88FD-54D74D590543}.Debug|Any CPU.Build.0 = Debug|Any CPU
		{B7347B01-56C7-4EAD-88FD-54D74D590543}.Release|Any CPU.ActiveCfg = Release|Any CPU
		{B7347B01-56C7-4EAD-88FD-54D74D590543}.Release|Any CPU.Build.0 = Release|Any CPU
	EndGlobalSection
	GlobalSection(SolutionProperties) = preSolution
		HideSolutionNode = FALSE
	EndGlobalSection
	GlobalSection(ExtensibilityGlobals) = postSolution
		SolutionGuid = {7B487A60-A74A-4E0C-A42C-B6F0FCB82674}
	EndGlobalSection
EndGlobal
